// !$*UTF8*$!
{
	archiveVersion = 1;
	classes = {
	};
	objectVersion = 52;
	objects = {

/* Begin PBXBuildFile section */
		25B1B827243D0BE10039AC1E /* AppDelegate.swift in Sources */ = {isa = PBXBuildFile; fileRef = 25B1B826243D0BE10039AC1E /* AppDelegate.swift */; };
		25B1B829243D0BE10039AC1E /* SceneDelegate.swift in Sources */ = {isa = PBXBuildFile; fileRef = 25B1B828243D0BE10039AC1E /* SceneDelegate.swift */; };
		25B1B82B243D0BE10039AC1E /* ViewController.swift in Sources */ = {isa = PBXBuildFile; fileRef = 25B1B82A243D0BE10039AC1E /* ViewController.swift */; };
		25B1B82E243D0BE10039AC1E /* Main.storyboard in Resources */ = {isa = PBXBuildFile; fileRef = 25B1B82C243D0BE10039AC1E /* Main.storyboard */; };
		25B1B830243D0BE40039AC1E /* Assets.xcassets in Resources */ = {isa = PBXBuildFile; fileRef = 25B1B82F243D0BE40039AC1E /* Assets.xcassets */; };
		25B1B833243D0BE40039AC1E /* LaunchScreen.storyboard in Resources */ = {isa = PBXBuildFile; fileRef = 25B1B831243D0BE40039AC1E /* LaunchScreen.storyboard */; };
		25B1B83C243D0C7A0039AC1E /* reflectium-ipsum in Frameworks */ = {isa = PBXBuildFile; productRef = 25B1B83B243D0C7A0039AC1E /* reflectium-ipsum */; };
		25B1B83F243D23420039AC1E /* FirstPackage in Frameworks */ = {isa = PBXBuildFile; productRef = 25B1B83E243D23420039AC1E /* FirstPackage */; };
/* End PBXBuildFile section */

/* Begin PBXFileReference section */
		25B1B823243D0BE10039AC1E /* AulaSwiftPackage.app */ = {isa = PBXFileReference; explicitFileType = wrapper.application; includeInIndex = 0; path = AulaSwiftPackage.app; sourceTree = BUILT_PRODUCTS_DIR; };
		25B1B826243D0BE10039AC1E /* AppDelegate.swift */ = {isa = PBXFileReference; lastKnownFileType = sourcecode.swift; path = AppDelegate.swift; sourceTree = "<group>"; };
		25B1B828243D0BE10039AC1E /* SceneDelegate.swift */ = {isa = PBXFileReference; lastKnownFileType = sourcecode.swift; path = SceneDelegate.swift; sourceTree = "<group>"; };
		25B1B82A243D0BE10039AC1E /* ViewController.swift */ = {isa = PBXFileReference; lastKnownFileType = sourcecode.swift; path = ViewController.swift; sourceTree = "<group>"; };
		25B1B82D243D0BE10039AC1E /* Base */ = {isa = PBXFileReference; lastKnownFileType = file.storyboard; name = Base; path = Base.lproj/Main.storyboard; sourceTree = "<group>"; };
		25B1B82F243D0BE40039AC1E /* Assets.xcassets */ = {isa = PBXFileReference; lastKnownFileType = folder.assetcatalog; path = Assets.xcassets; sourceTree = "<group>"; };
		25B1B832243D0BE40039AC1E /* Base */ = {isa = PBXFileReference; lastKnownFileType = file.storyboard; name = Base; path = Base.lproj/LaunchScreen.storyboard; sourceTree = "<group>"; };
		25B1B834243D0BE40039AC1E /* Info.plist */ = {isa = PBXFileReference; lastKnownFileType = text.plist.xml; path = Info.plist; sourceTree = "<group>"; };
/* End PBXFileReference section */

/* Begin PBXFrameworksBuildPhase section */
		25B1B820243D0BE10039AC1E /* Frameworks */ = {
			isa = PBXFrameworksBuildPhase;
			buildActionMask = 2147483647;
			files = (
				25B1B83F243D23420039AC1E /* FirstPackage in Frameworks */,
				25B1B83C243D0C7A0039AC1E /* reflectium-ipsum in Frameworks */,
			);
			runOnlyForDeploymentPostprocessing = 0;
		};
/* End PBXFrameworksBuildPhase section */

/* Begin PBXGroup section */
		25B1B81A243D0BE10039AC1E = {
			isa = PBXGroup;
			children = (
				25B1B825243D0BE10039AC1E /* AulaSwiftPackage */,
				25B1B824243D0BE10039AC1E /* Products */,
			);
			sourceTree = "<group>";
		};
		25B1B824243D0BE10039AC1E /* Products */ = {
			isa = PBXGroup;
			children = (
				25B1B823243D0BE10039AC1E /* AulaSwiftPackage.app */,
			);
			name = Products;
			sourceTree = "<group>";
		};
		25B1B825243D0BE10039AC1E /* AulaSwiftPackage */ = {
			isa = PBXGroup;
			children = (
				25B1B826243D0BE10039AC1E /* AppDelegate.swift */,
				25B1B828243D0BE10039AC1E /* SceneDelegate.swift */,
				25B1B82A243D0BE10039AC1E /* ViewController.swift */,
				25B1B82C243D0BE10039AC1E /* Main.storyboard */,
				25B1B82F243D0BE40039AC1E /* Assets.xcassets */,
				25B1B831243D0BE40039AC1E /* LaunchScreen.storyboard */,
				25B1B834243D0BE40039AC1E /* Info.plist */,
			);
			path = AulaSwiftPackage;
			sourceTree = "<group>";
		};
/* End PBXGroup section */

/* Begin PBXNativeTarget section */
		25B1B822243D0BE10039AC1E /* AulaSwiftPackage */ = {
			isa = PBXNativeTarget;
			buildConfigurationList = 25B1B837243D0BE40039AC1E /* Build configuration list for PBXNativeTarget "AulaSwiftPackage" */;
			buildPhases = (
				25B1B81F243D0BE10039AC1E /* Sources */,
				25B1B820243D0BE10039AC1E /* Frameworks */,
				25B1B821243D0BE10039AC1E /* Resources */,
			);
			buildRules = (
			);
			dependencies = (
			);
			name = AulaSwiftPackage;
			packageProductDependencies = (
				25B1B83B243D0C7A0039AC1E /* reflectium-ipsum */,
				25B1B83E243D23420039AC1E /* FirstPackage */,
			);
			productName = AulaSwiftPackage;
			productReference = 25B1B823243D0BE10039AC1E /* AulaSwiftPackage.app */;
			productType = "com.apple.product-type.application";
		};
/* End PBXNativeTarget section */

/* Begin PBXProject section */
		25B1B81B243D0BE10039AC1E /* Project object */ = {
			isa = PBXProject;
			attributes = {
				LastSwiftUpdateCheck = 1140;
				LastUpgradeCheck = 1140;
				ORGANIZATIONNAME = "Luiza Fattori";
				TargetAttributes = {
					25B1B822243D0BE10039AC1E = {
						CreatedOnToolsVersion = 11.4;
					};
				};
			};
			buildConfigurationList = 25B1B81E243D0BE10039AC1E /* Build configuration list for PBXProject "AulaSwiftPackage" */;
			compatibilityVersion = "Xcode 9.3";
			developmentRegion = en;
			hasScannedForEncodings = 0;
			knownRegions = (
				en,
				Base,
			);
			mainGroup = 25B1B81A243D0BE10039AC1E;
			packageReferences = (
				25B1B83A243D0C7A0039AC1E /* XCRemoteSwiftPackageReference "reflectium-ipsum" */,
				25B1B83D243D23410039AC1E /* XCRemoteSwiftPackageReference "myPackage" */,
			);
			productRefGroup = 25B1B824243D0BE10039AC1E /* Products */;
			projectDirPath = "";
			projectRoot = "";
			targets = (
				25B1B822243D0BE10039AC1E /* AulaSwiftPackage */,
			);
		};
/* End PBXProject section */

/* Begin PBXResourcesBuildPhase section */
		25B1B821243D0BE10039AC1E /* Resources */ = {
			isa = PBXResourcesBuildPhase;
			buildActionMask = 2147483647;
			files = (
				25B1B833243D0BE40039AC1E /* LaunchScreen.storyboard in Resources */,
				25B1B830243D0BE40039AC1E /* Assets.xcassets in Resources */,
				25B1B82E243D0BE10039AC1E /* Main.storyboard in Resources */,
			);
			runOnlyForDeploymentPostprocessing = 0;
		};
/* End PBXResourcesBuildPhase section */

/* Begin PBXSourcesBuildPhase section */
		25B1B81F243D0BE10039AC1E /* Sources */ = {
			isa = PBXSourcesBuildPhase;
			buildActionMask = 2147483647;
			files = (
				25B1B82B243D0BE10039AC1E /* ViewController.swift in Sources */,
				25B1B827243D0BE10039AC1E /* AppDelegate.swift in Sources */,
				25B1B829243D0BE10039AC1E /* SceneDelegate.swift in Sources */,
			);
			runOnlyForDeploymentPostprocessing = 0;
		};
/* End PBXSourcesBuildPhase section */

/* Begin PBXVariantGroup section */
		25B1B82C243D0BE10039AC1E /* Main.storyboard */ = {
			isa = PBXVariantGroup;
			children = (
				25B1B82D243D0BE10039AC1E /* Base */,
			);
			name = Main.storyboard;
			sourceTree = "<group>";
		};
		25B1B831243D0BE40039AC1E /* LaunchScreen.storyboard */ = {
			isa = PBXVariantGroup;
			children = (
				25B1B832243D0BE40039AC1E /* Base */,
			);
			name = LaunchScreen.storyboard;
			sourceTree = "<group>";
		};
/* End PBXVariantGroup section */

/* Begin XCBuildConfiguration section */
		25B1B835243D0BE40039AC1E /* Debug */ = {
			isa = XCBuildConfiguration;
			buildSettings = {
				ALWAYS_SEARCH_USER_PATHS = NO;
				CLANG_ANALYZER_NONNULL = YES;
				CLANG_ANALYZER_NUMBER_OBJECT_CONVERSION = YES_AGGRESSIVE;
				CLANG_CXX_LANGUAGE_STANDARD = "gnu++14";
				CLANG_CXX_LIBRARY = "libc++";
				CLANG_ENABLE_MODULES = YES;
				CLANG_ENABLE_OBJC_ARC = YES;
				CLANG_ENABLE_OBJC_WEAK = YES;
				CLANG_WARN_BLOCK_CAPTURE_AUTORELEASING = YES;
				CLANG_WARN_BOOL_CONVERSION = YES;
				CLANG_WARN_COMMA = YES;
				CLANG_WARN_CONSTANT_CONVERSION = YES;
				CLANG_WARN_DEPRECATED_OBJC_IMPLEMENTATIONS = YES;
				CLANG_WARN_DIRECT_OBJC_ISA_USAGE = YES_ERROR;
				CLANG_WARN_DOCUMENTATION_COMMENTS = YES;
				CLANG_WARN_EMPTY_BODY = YES;
				CLANG_WARN_ENUM_CONVERSION = YES;
				CLANG_WARN_INFINITE_RECURSION = YES;
				CLANG_WARN_INT_CONVERSION = YES;
				CLANG_WARN_NON_LITERAL_NULL_CONVERSION = YES;
				CLANG_WARN_OBJC_IMPLICIT_RETAIN_SELF = YES;
				CLANG_WARN_OBJC_LITERAL_CONVERSION = YES;
				CLANG_WARN_OBJC_ROOT_CLASS = YES_ERROR;
				CLANG_WARN_RANGE_LOOP_ANALYSIS = YES;
				CLANG_WARN_STRICT_PROTOTYPES = YES;
				CLANG_WARN_SUSPICIOUS_MOVE = YES;
				CLANG_WARN_UNGUARDED_AVAILABILITY = YES_AGGRESSIVE;
				CLANG_WARN_UNREACHABLE_CODE = YES;
				CLANG_WARN__DUPLICATE_METHOD_MATCH = YES;
				COPY_PHASE_STRIP = NO;
				DEBUG_INFORMATION_FORMAT = dwarf;
				ENABLE_STRICT_OBJC_MSGSEND = YES;
				ENABLE_TESTABILITY = YES;
				GCC_C_LANGUAGE_STANDARD = gnu11;
				GCC_DYNAMIC_NO_PIC = NO;
				GCC_NO_COMMON_BLOCKS = YES;
				GCC_OPTIMIZATION_LEVEL = 0;
				GCC_PREPROCESSOR_DEFINITIONS = (
					"DEBUG=1",
					"$(inherited)",
				);
				GCC_WARN_64_TO_32_BIT_CONVERSION = YES;
				GCC_WARN_ABOUT_RETURN_TYPE = YES_ERROR;
				GCC_WARN_UNDECLARED_SELECTOR = YES;
				GCC_WARN_UNINITIALIZED_AUTOS = YES_AGGRESSIVE;
				GCC_WARN_UNUSED_FUNCTION = YES;
				GCC_WARN_UNUSED_VARIABLE = YES;
				IPHONEOS_DEPLOYMENT_TARGET = 13.4;
				MTL_ENABLE_DEBUG_INFO = INCLUDE_SOURCE;
				MTL_FAST_MATH = YES;
				ONLY_ACTIVE_ARCH = YES;
				SDKROOT = iphoneos;
				SWIFT_ACTIVE_COMPILATION_CONDITIONS = DEBUG;
				SWIFT_OPTIMIZATION_LEVEL = "-Onone";
			};
			name = Debug;
		};
		25B1B836243D0BE40039AC1E /* Release */ = {
			isa = XCBuildConfiguration;
			buildSettings = {
				ALWAYS_SEARCH_USER_PATHS = NO;
				CLANG_ANALYZER_NONNULL = YES;
				CLANG_ANALYZER_NUMBER_OBJECT_CONVERSION = YES_AGGRESSIVE;
				CLANG_CXX_LANGUAGE_STANDARD = "gnu++14";
				CLANG_CXX_LIBRARY = "libc++";
				CLANG_ENABLE_MODULES = YES;
				CLANG_ENABLE_OBJC_ARC = YES;
				CLANG_ENABLE_OBJC_WEAK = YES;
				CLANG_WARN_BLOCK_CAPTURE_AUTORELEASING = YES;
				CLANG_WARN_BOOL_CONVERSION = YES;
				CLANG_WARN_COMMA = YES;
				CLANG_WARN_CONSTANT_CONVERSION = YES;
				CLANG_WARN_DEPRECATED_OBJC_IMPLEMENTATIONS = YES;
				CLANG_WARN_DIRECT_OBJC_ISA_USAGE = YES_ERROR;
				CLANG_WARN_DOCUMENTATION_COMMENTS = YES;
				CLANG_WARN_EMPTY_BODY = YES;
				CLANG_WARN_ENUM_CONVERSION = YES;
				CLANG_WARN_INFINITE_RECURSION = YES;
				CLANG_WARN_INT_CONVERSION = YES;
				CLANG_WARN_NON_LITERAL_NULL_CONVERSION = YES;
				CLANG_WARN_OBJC_IMPLICIT_RETAIN_SELF = YES;
				CLANG_WARN_OBJC_LITERAL_CONVERSION = YES;
				CLANG_WARN_OBJC_ROOT_CLASS = YES_ERROR;
				CLANG_WARN_RANGE_LOOP_ANALYSIS = YES;
				CLANG_WARN_STRICT_PROTOTYPES = YES;
				CLANG_WARN_SUSPICIOUS_MOVE = YES;
				CLANG_WARN_UNGUARDED_AVAILABILITY = YES_AGGRESSIVE;
				CLANG_WARN_UNREACHABLE_CODE = YES;
				CLANG_WARN__DUPLICATE_METHOD_MATCH = YES;
				COPY_PHASE_STRIP = NO;
				DEBUG_INFORMATION_FORMAT = "dwarf-with-dsym";
				ENABLE_NS_ASSERTIONS = NO;
				ENABLE_STRICT_OBJC_MSGSEND = YES;
				GCC_C_LANGUAGE_STANDARD = gnu11;
				GCC_NO_COMMON_BLOCKS = YES;
				GCC_WARN_64_TO_32_BIT_CONVERSION = YES;
				GCC_WARN_ABOUT_RETURN_TYPE = YES_ERROR;
				GCC_WARN_UNDECLARED_SELECTOR = YES;
				GCC_WARN_UNINITIALIZED_AUTOS = YES_AGGRESSIVE;
				GCC_WARN_UNUSED_FUNCTION = YES;
				GCC_WARN_UNUSED_VARIABLE = YES;
				IPHONEOS_DEPLOYMENT_TARGET = 13.4;
				MTL_ENABLE_DEBUG_INFO = NO;
				MTL_FAST_MATH = YES;
				SDKROOT = iphoneos;
				SWIFT_COMPILATION_MODE = wholemodule;
				SWIFT_OPTIMIZATION_LEVEL = "-O";
				VALIDATE_PRODUCT = YES;
			};
			name = Release;
		};
		25B1B838243D0BE40039AC1E /* Debug */ = {
			isa = XCBuildConfiguration;
			buildSettings = {
				ASSETCATALOG_COMPILER_APPICON_NAME = AppIcon;
				CODE_SIGN_STYLE = Automatic;
				DEVELOPMENT_TEAM = D6BLGKTBJB;
				INFOPLIST_FILE = AulaSwiftPackage/Info.plist;
				LD_RUNPATH_SEARCH_PATHS = (
					"$(inherited)",
					"@executable_path/Frameworks",
				);
				PRODUCT_BUNDLE_IDENTIFIER = com.luizafattori.AulaSwiftPackage;
				PRODUCT_NAME = "$(TARGET_NAME)";
				SWIFT_VERSION = 5.0;
				TARGETED_DEVICE_FAMILY = "1,2";
			};
			name = Debug;
		};
		25B1B839243D0BE40039AC1E /* Release */ = {
			isa = XCBuildConfiguration;
			buildSettings = {
				ASSETCATALOG_COMPILER_APPICON_NAME = AppIcon;
				CODE_SIGN_STYLE = Automatic;
				DEVELOPMENT_TEAM = D6BLGKTBJB;
				INFOPLIST_FILE = AulaSwiftPackage/Info.plist;
				LD_RUNPATH_SEARCH_PATHS = (
					"$(inherited)",
					"@executable_path/Frameworks",
				);
				PRODUCT_BUNDLE_IDENTIFIER = com.luizafattori.AulaSwiftPackage;
				PRODUCT_NAME = "$(TARGET_NAME)";
				SWIFT_VERSION = 5.0;
				TARGETED_DEVICE_FAMILY = "1,2";
			};
			name = Release;
		};
/* End XCBuildConfiguration section */

/* Begin XCConfigurationList section */
		25B1B81E243D0BE10039AC1E /* Build configuration list for PBXProject "AulaSwiftPackage" */ = {
			isa = XCConfigurationList;
			buildConfigurations = (
				25B1B835243D0BE40039AC1E /* Debug */,
				25B1B836243D0BE40039AC1E /* Release */,
			);
			defaultConfigurationIsVisible = 0;
			defaultConfigurationName = Release;
		};
		25B1B837243D0BE40039AC1E /* Build configuration list for PBXNativeTarget "AulaSwiftPackage" */ = {
			isa = XCConfigurationList;
			buildConfigurations = (
				25B1B838243D0BE40039AC1E /* Debug */,
				25B1B839243D0BE40039AC1E /* Release */,
			);
			defaultConfigurationIsVisible = 0;
			defaultConfigurationName = Release;
		};
/* End XCConfigurationList section */

/* Begin XCRemoteSwiftPackageReference section */
		25B1B83A243D0C7A0039AC1E /* XCRemoteSwiftPackageReference "reflectium-ipsum" */ = {
			isa = XCRemoteSwiftPackageReference;
			repositoryURL = "https://github.com/JulioBBL/reflectium-ipsum";
			requirement = {
				kind = upToNextMajorVersion;
				minimumVersion = 1.1.0;
			};
		};
		25B1B83D243D23410039AC1E /* XCRemoteSwiftPackageReference "myPackage" */ = {
			isa = XCRemoteSwiftPackageReference;
			repositoryURL = "https://github.com/lffattori/myPackage.git";
			requirement = {
				kind = upToNextMajorVersion;
				minimumVersion = 1.0.0;
			};
		};
/* End XCRemoteSwiftPackageReference section */

/* Begin XCSwiftPackageProductDependency section */
		25B1B83B243D0C7A0039AC1E /* reflectium-ipsum */ = {
			isa = XCSwiftPackageProductDependency;
			package = 25B1B83A243D0C7A0039AC1E /* XCRemoteSwiftPackageReference "reflectium-ipsum" */;
			productName = "reflectium-ipsum";
		};
		25B1B83E243D23420039AC1E /* FirstPackage */ = {
			isa = XCSwiftPackageProductDependency;
			package = 25B1B83D243D23410039AC1E /* XCRemoteSwiftPackageReference "myPackage" */;
			productName = FirstPackage;
		};
/* End XCSwiftPackageProductDependency section */
	};
	rootObject = 25B1B81B243D0BE10039AC1E /* Project object */;
}
